
Microsoft Visual Studio Solution File, Format Version 12.00
# Visual Studio Version 16
VisualStudioVersion = 16.0.30907.101
MinimumVisualStudioVersion = 10.0.40219.1
Project("{FAE04EC0-301F-11D3-BF4B-00C04F79EFBC}") = "WaitHandlers_HW1", "WaitHandlers\WaitHandlers_HW1.csproj", "{A9BA99E8-B1B0-402A-B118-ED3EDD2E84B7}"
EndProject
Global
	GlobalSection(SolutionConfigurationPlatforms) = preSolution
		Debug|Any CPU = Debug|Any CPU
		Release|Any CPU = Release|Any CPU
	EndGlobalSection
	GlobalSection(ProjectConfigurationPlatforms) = postSolution
		{A9BA99E8-B1B0-402A-B118-ED3EDD2E84B7}.Debug|Any CPU.ActiveCfg = Debug|Any CPU
		{A9BA99E8-B1B0-402A-B118-ED3EDD2E84B7}.Debug|Any CPU.Build.0 = Debug|Any CPU
		{A9BA99E8-B1B0-402A-B118-ED3EDD2E84B7}.Release|Any CPU.ActiveCfg = Release|Any CPU
		{A9BA99E8-B1B0-402A-B118-ED3EDD2E84B7}.Release|Any CPU.Build.0 = Release|Any CPU
	EndGlobalSection
	GlobalSection(SolutionProperties) = preSolution
		HideSolutionNode = FALSE
	EndGlobalSection
	GlobalSection(ExtensibilityGlobals) = postSolution
		SolutionGuid = {EBFF7BFF-E188-4714-A3A1-F923E76F443C}
	EndGlobalSection
EndGlobal
